
Microsoft Visual Studio Solution File, Format Version 12.00
# Visual Studio Version 17
VisualStudioVersion = 17.9.34310.174
MinimumVisualStudioVersion = 10.0.40219.1
Project("{9A19103F-16F7-4668-BE54-9A1E7A4F7556}") = "HyperLib.CLI", "HyperLib.CLI\HyperLib.CLI.csproj", "{92DBDE52-9D1D-4BEE-A4E3-FB1E8A47A65D}"
EndProject
Project("{9A19103F-16F7-4668-BE54-9A1E7A4F7556}") = "HyperLib", "HyperLib\HyperLib.csproj", "{B35D790A-BD46-40CB-B6A0-222A6C35D1B8}"
EndProject
Project("{D954291E-2A0B-460D-934E-DC6B0785DB48}") = "HyperLib.Shared", "HyperLib.Shared\HyperLib.Shared.shproj", "{41A1DF5B-03B9-4B60-B14E-3ED468F0FA1D}"
EndProject
Project("{2150E333-8FDC-42A3-9474-1A3956D46DE8}") = "Tools", "Tools", "{C5275C4D-04CD-422B-BEB2-CAEE3F4199B4}"
EndProject
Project("{9A19103F-16F7-4668-BE54-9A1E7A4F7556}") = "HydroThunderTool", "Tools\HydroThunderTool\HydroThunderTool.csproj", "{5DB41FBA-BE43-47AF-98DF-B12908E870BA}"
EndProject
Global
	GlobalSection(SolutionConfigurationPlatforms) = preSolution
		Debug|Any CPU = Debug|Any CPU
		Release|Any CPU = Release|Any CPU
	EndGlobalSection
	GlobalSection(ProjectConfigurationPlatforms) = postSolution
		{92DBDE52-9D1D-4BEE-A4E3-FB1E8A47A65D}.Debug|Any CPU.ActiveCfg = Debug|Any CPU
		{92DBDE52-9D1D-4BEE-A4E3-FB1E8A47A65D}.Debug|Any CPU.Build.0 = Debug|Any CPU
		{92DBDE52-9D1D-4BEE-A4E3-FB1E8A47A65D}.Release|Any CPU.ActiveCfg = Release|Any CPU
		{92DBDE52-9D1D-4BEE-A4E3-FB1E8A47A65D}.Release|Any CPU.Build.0 = Release|Any CPU
		{B35D790A-BD46-40CB-B6A0-222A6C35D1B8}.Debug|Any CPU.ActiveCfg = Debug|Any CPU
		{B35D790A-BD46-40CB-B6A0-222A6C35D1B8}.Debug|Any CPU.Build.0 = Debug|Any CPU
		{B35D790A-BD46-40CB-B6A0-222A6C35D1B8}.Release|Any CPU.ActiveCfg = Release|Any CPU
		{B35D790A-BD46-40CB-B6A0-222A6C35D1B8}.Release|Any CPU.Build.0 = Release|Any CPU
		{5DB41FBA-BE43-47AF-98DF-B12908E870BA}.Debug|Any CPU.ActiveCfg = Debug|Any CPU
		{5DB41FBA-BE43-47AF-98DF-B12908E870BA}.Debug|Any CPU.Build.0 = Debug|Any CPU
		{5DB41FBA-BE43-47AF-98DF-B12908E870BA}.Release|Any CPU.ActiveCfg = Release|Any CPU
		{5DB41FBA-BE43-47AF-98DF-B12908E870BA}.Release|Any CPU.Build.0 = Release|Any CPU
	EndGlobalSection
	GlobalSection(SolutionProperties) = preSolution
		HideSolutionNode = FALSE
	EndGlobalSection
	GlobalSection(NestedProjects) = preSolution
		{5DB41FBA-BE43-47AF-98DF-B12908E870BA} = {C5275C4D-04CD-422B-BEB2-CAEE3F4199B4}
	EndGlobalSection
	GlobalSection(ExtensibilityGlobals) = postSolution
		SolutionGuid = {40B663AA-8BE3-4978-85EB-D942574B6728}
	EndGlobalSection
	GlobalSection(SharedMSBuildProjectFiles) = preSolution
		HyperLib.Shared\HyperLib.Shared.projitems*{41a1df5b-03b9-4b60-b14e-3ed468f0fa1d}*SharedItemsImports = 13
		HyperLib.Shared\HyperLib.Shared.projitems*{92dbde52-9d1d-4bee-a4e3-fb1e8a47a65d}*SharedItemsImports = 5
	EndGlobalSection
EndGlobal
