
Microsoft Visual Studio Solution File, Format Version 12.00
# Visual Studio Version 17
VisualStudioVersion = 17.9.34310.174
MinimumVisualStudioVersion = 10.0.40219.1
Project("{9A19103F-16F7-4668-BE54-9A1E7A4F7556}") = "HyperLib.CLI", "HyperLib.CLI\HyperLib.CLI.csproj", "{92DBDE52-9D1D-4BEE-A4E3-FB1E8A47A65D}"
EndProject
Project("{9A19103F-16F7-4668-BE54-9A1E7A4F7556}") = "HyperLib", "HyperLib\HyperLib.csproj", "{B35D790A-BD46-40CB-B6A0-222A6C35D1B8}"
EndProject
Global
	GlobalSection(SolutionConfigurationPlatforms) = preSolution
		Debug|Any CPU = Debug|Any CPU
		Release|Any CPU = Release|Any CPU
	EndGlobalSection
	GlobalSection(ProjectConfigurationPlatforms) = postSolution
		{92DBDE52-9D1D-4BEE-A4E3-FB1E8A47A65D}.Debug|Any CPU.ActiveCfg = Debug|Any CPU
		{92DBDE52-9D1D-4BEE-A4E3-FB1E8A47A65D}.Debug|Any CPU.Build.0 = Debug|Any CPU
		{92DBDE52-9D1D-4BEE-A4E3-FB1E8A47A65D}.Release|Any CPU.ActiveCfg = Release|Any CPU
		{92DBDE52-9D1D-4BEE-A4E3-FB1E8A47A65D}.Release|Any CPU.Build.0 = Release|Any CPU
		{B35D790A-BD46-40CB-B6A0-222A6C35D1B8}.Debug|Any CPU.ActiveCfg = Debug|Any CPU
		{B35D790A-BD46-40CB-B6A0-222A6C35D1B8}.Debug|Any CPU.Build.0 = Debug|Any CPU
		{B35D790A-BD46-40CB-B6A0-222A6C35D1B8}.Release|Any CPU.ActiveCfg = Release|Any CPU
		{B35D790A-BD46-40CB-B6A0-222A6C35D1B8}.Release|Any CPU.Build.0 = Release|Any CPU
	EndGlobalSection
	GlobalSection(SolutionProperties) = preSolution
		HideSolutionNode = FALSE
	EndGlobalSection
	GlobalSection(ExtensibilityGlobals) = postSolution
		SolutionGuid = {40B663AA-8BE3-4978-85EB-D942574B6728}
	EndGlobalSection
EndGlobal
